
Microsoft Visual Studio Solution File, Format Version 10.00
# Visual Studio 2008
Project("{8BC9CEB8-8B4A-11D0-8D11-00A0C91BC942}") = "Prueba Clientes", "Prueba Clientes\Prueba Clientes.vcproj", "{9B4B6CCF-1947-4F2C-BBD4-0065D02ABE51}"
EndProject
Global
	GlobalSection(SolutionConfigurationPlatforms) = preSolution
		Debug|Win32 = Debug|Win32
		Release|Win32 = Release|Win32
	EndGlobalSection
	GlobalSection(ProjectConfigurationPlatforms) = postSolution
		{9B4B6CCF-1947-4F2C-BBD4-0065D02ABE51}.Debug|Win32.ActiveCfg = Debug|Win32
		{9B4B6CCF-1947-4F2C-BBD4-0065D02ABE51}.Debug|Win32.Build.0 = Debug|Win32
		{9B4B6CCF-1947-4F2C-BBD4-0065D02ABE51}.Release|Win32.ActiveCfg = Release|Win32
		{9B4B6CCF-1947-4F2C-BBD4-0065D02ABE51}.Release|Win32.Build.0 = Release|Win32
	EndGlobalSection
	GlobalSection(SolutionProperties) = preSolution
		HideSolutionNode = FALSE
	EndGlobalSection
EndGlobal
